// !$*UTF8*$!
{
	archiveVersion = 1;
	classes = {
	};
	objectVersion = 50;
	objects = {

/* Begin PBXBuildFile section */
		D28303B225E2E88D003B2CA3 /* Localizable.strings in Resources */ = {isa = PBXBuildFile; fileRef = D28303B425E2E88D003B2CA3 /* Localizable.strings */; };
		D2D1C24325E2EF03008D91D6 /* LessonsListPresenter.swift in Sources */ = {isa = PBXBuildFile; fileRef = D2D1C24225E2EF03008D91D6 /* LessonsListPresenter.swift */; };
		D2D85A8925E29B4D008558E1 /* AppDelegate.swift in Sources */ = {isa = PBXBuildFile; fileRef = D2D85A8825E29B4D008558E1 /* AppDelegate.swift */; };
		D2D85A8B25E29B4D008558E1 /* SceneDelegate.swift in Sources */ = {isa = PBXBuildFile; fileRef = D2D85A8A25E29B4D008558E1 /* SceneDelegate.swift */; };
		D2D85A9225E29B4F008558E1 /* Assets.xcassets in Resources */ = {isa = PBXBuildFile; fileRef = D2D85A9125E29B4F008558E1 /* Assets.xcassets */; };
		D2D85A9525E29B4F008558E1 /* LaunchScreen.storyboard in Resources */ = {isa = PBXBuildFile; fileRef = D2D85A9325E29B4F008558E1 /* LaunchScreen.storyboard */; };
		D2D85AA525E29F84008558E1 /* DataManager.swift in Sources */ = {isa = PBXBuildFile; fileRef = D2D85AA425E29F83008558E1 /* DataManager.swift */; };
		D2D85AAC25E2A296008558E1 /* Data.json in Resources */ = {isa = PBXBuildFile; fileRef = D2D85AAB25E2A296008558E1 /* Data.json */; };
		D2D85ACF25E2AEE0008558E1 /* LessonsListView.swift in Sources */ = {isa = PBXBuildFile; fileRef = D2D85ACD25E2AEE0008558E1 /* LessonsListView.swift */; };
		D2D85AD025E2AEE0008558E1 /* LessonsListView.xib in Resources */ = {isa = PBXBuildFile; fileRef = D2D85ACE25E2AEE0008558E1 /* LessonsListView.xib */; };
		D2D85AD425E2B14D008558E1 /* UIViewController.swift in Sources */ = {isa = PBXBuildFile; fileRef = D2D85AD325E2B14D008558E1 /* UIViewController.swift */; };
		D2D85ADD25E2B726008558E1 /* LessonCell.swift in Sources */ = {isa = PBXBuildFile; fileRef = D2D85ADB25E2B726008558E1 /* LessonCell.swift */; };
		D2D85ADE25E2B726008558E1 /* LessonCell.xib in Resources */ = {isa = PBXBuildFile; fileRef = D2D85ADC25E2B726008558E1 /* LessonCell.xib */; };
		D2D85AE225E2BD5C008558E1 /* TitlesConverter.swift in Sources */ = {isa = PBXBuildFile; fileRef = D2D85AE125E2BD5C008558E1 /* TitlesConverter.swift */; };
		D2D85AE625E2C47E008558E1 /* UIColor.swift in Sources */ = {isa = PBXBuildFile; fileRef = D2D85AE525E2C47E008558E1 /* UIColor.swift */; };
		D2D85AE925E2D271008558E1 /* UserDefaults.swift in Sources */ = {isa = PBXBuildFile; fileRef = D2D85AE825E2D271008558E1 /* UserDefaults.swift */; };
		D2D85AED25E2E09A008558E1 /* Lesson.swift in Sources */ = {isa = PBXBuildFile; fileRef = D2D85AEC25E2E09A008558E1 /* Lesson.swift */; };
/* End PBXBuildFile section */

/* Begin PBXFileReference section */
		D28303B325E2E88D003B2CA3 /* en */ = {isa = PBXFileReference; lastKnownFileType = text.plist.strings; name = en; path = en.lproj/Localizable.strings; sourceTree = "<group>"; };
		D2D1C24225E2EF03008D91D6 /* LessonsListPresenter.swift */ = {isa = PBXFileReference; lastKnownFileType = sourcecode.swift; path = LessonsListPresenter.swift; sourceTree = "<group>"; };
		D2D85A8525E29B4D008558E1 /* SolveIt.Test.app */ = {isa = PBXFileReference; explicitFileType = wrapper.application; includeInIndex = 0; path = SolveIt.Test.app; sourceTree = BUILT_PRODUCTS_DIR; };
		D2D85A8825E29B4D008558E1 /* AppDelegate.swift */ = {isa = PBXFileReference; lastKnownFileType = sourcecode.swift; path = AppDelegate.swift; sourceTree = "<group>"; };
		D2D85A8A25E29B4D008558E1 /* SceneDelegate.swift */ = {isa = PBXFileReference; lastKnownFileType = sourcecode.swift; path = SceneDelegate.swift; sourceTree = "<group>"; };
		D2D85A9125E29B4F008558E1 /* Assets.xcassets */ = {isa = PBXFileReference; lastKnownFileType = folder.assetcatalog; path = Assets.xcassets; sourceTree = "<group>"; };
		D2D85A9425E29B4F008558E1 /* Base */ = {isa = PBXFileReference; lastKnownFileType = file.storyboard; name = Base; path = Base.lproj/LaunchScreen.storyboard; sourceTree = "<group>"; };
		D2D85A9625E29B4F008558E1 /* Info.plist */ = {isa = PBXFileReference; lastKnownFileType = text.plist.xml; path = Info.plist; sourceTree = "<group>"; };
		D2D85AA425E29F83008558E1 /* DataManager.swift */ = {isa = PBXFileReference; lastKnownFileType = sourcecode.swift; path = DataManager.swift; sourceTree = "<group>"; xcLanguageSpecificationIdentifier = xcode.lang.swift; };
		D2D85AAB25E2A296008558E1 /* Data.json */ = {isa = PBXFileReference; fileEncoding = 4; lastKnownFileType = text.json; path = Data.json; sourceTree = "<group>"; };
		D2D85ACD25E2AEE0008558E1 /* LessonsListView.swift */ = {isa = PBXFileReference; lastKnownFileType = sourcecode.swift; path = LessonsListView.swift; sourceTree = "<group>"; };
		D2D85ACE25E2AEE0008558E1 /* LessonsListView.xib */ = {isa = PBXFileReference; lastKnownFileType = file.xib; path = LessonsListView.xib; sourceTree = "<group>"; };
		D2D85AD325E2B14D008558E1 /* UIViewController.swift */ = {isa = PBXFileReference; lastKnownFileType = sourcecode.swift; path = UIViewController.swift; sourceTree = "<group>"; };
		D2D85ADB25E2B726008558E1 /* LessonCell.swift */ = {isa = PBXFileReference; lastKnownFileType = sourcecode.swift; path = LessonCell.swift; sourceTree = "<group>"; };
		D2D85ADC25E2B726008558E1 /* LessonCell.xib */ = {isa = PBXFileReference; lastKnownFileType = file.xib; path = LessonCell.xib; sourceTree = "<group>"; };
		D2D85AE125E2BD5C008558E1 /* TitlesConverter.swift */ = {isa = PBXFileReference; lastKnownFileType = sourcecode.swift; path = TitlesConverter.swift; sourceTree = "<group>"; };
		D2D85AE525E2C47E008558E1 /* UIColor.swift */ = {isa = PBXFileReference; lastKnownFileType = sourcecode.swift; path = UIColor.swift; sourceTree = "<group>"; };
		D2D85AE825E2D271008558E1 /* UserDefaults.swift */ = {isa = PBXFileReference; lastKnownFileType = sourcecode.swift; path = UserDefaults.swift; sourceTree = "<group>"; };
		D2D85AEC25E2E09A008558E1 /* Lesson.swift */ = {isa = PBXFileReference; lastKnownFileType = sourcecode.swift; path = Lesson.swift; sourceTree = "<group>"; };
/* End PBXFileReference section */

/* Begin PBXFrameworksBuildPhase section */
		D2D85A8225E29B4D008558E1 /* Frameworks */ = {
			isa = PBXFrameworksBuildPhase;
			buildActionMask = 2147483647;
			files = (
			);
			runOnlyForDeploymentPostprocessing = 0;
		};
/* End PBXFrameworksBuildPhase section */

/* Begin PBXGroup section */
		D2D85A7C25E29B4C008558E1 = {
			isa = PBXGroup;
			children = (
				D2D85A8725E29B4D008558E1 /* SolveIt.Test */,
				D2D85A8625E29B4D008558E1 /* Products */,
			);
			sourceTree = "<group>";
		};
		D2D85A8625E29B4D008558E1 /* Products */ = {
			isa = PBXGroup;
			children = (
				D2D85A8525E29B4D008558E1 /* SolveIt.Test.app */,
			);
			name = Products;
			sourceTree = "<group>";
		};
		D2D85A8725E29B4D008558E1 /* SolveIt.Test */ = {
			isa = PBXGroup;
			children = (
				D2D85A8825E29B4D008558E1 /* AppDelegate.swift */,
				D2D85A8A25E29B4D008558E1 /* SceneDelegate.swift */,
				D2D85AA225E29EF0008558E1 /* LessonsList */,
				D2D85AA325E29F74008558E1 /* Managers */,
				D2D85AEB25E2E08D008558E1 /* Models */,
				D2D85AE025E2BCF8008558E1 /* Helpers */,
				D2D85AD225E2B13A008558E1 /* Extensions */,
				D2D85A9D25E29C68008558E1 /* Resources */,
				D2D85A9F25E29CC6008558E1 /* LaunchScreen */,
				D2D85A9625E29B4F008558E1 /* Info.plist */,
			);
			path = SolveIt.Test;
			sourceTree = "<group>";
		};
		D2D85A9D25E29C68008558E1 /* Resources */ = {
			isa = PBXGroup;
			children = (
				D2D85AAB25E2A296008558E1 /* Data.json */,
				D2D85A9125E29B4F008558E1 /* Assets.xcassets */,
				D28303B425E2E88D003B2CA3 /* Localizable.strings */,
			);
			path = Resources;
			sourceTree = "<group>";
		};
		D2D85A9F25E29CC6008558E1 /* LaunchScreen */ = {
			isa = PBXGroup;
			children = (
				D2D85A9325E29B4F008558E1 /* LaunchScreen.storyboard */,
			);
			path = LaunchScreen;
			sourceTree = "<group>";
		};
		D2D85AA225E29EF0008558E1 /* LessonsList */ = {
			isa = PBXGroup;
			children = (
				D2D85ADA25E2B70A008558E1 /* Components */,
				D2D1C24225E2EF03008D91D6 /* LessonsListPresenter.swift */,
				D2D85ACD25E2AEE0008558E1 /* LessonsListView.swift */,
				D2D85ACE25E2AEE0008558E1 /* LessonsListView.xib */,
			);
			path = LessonsList;
			sourceTree = "<group>";
		};
		D2D85AA325E29F74008558E1 /* Managers */ = {
			isa = PBXGroup;
			children = (
				D2D85AA425E29F83008558E1 /* DataManager.swift */,
			);
			path = Managers;
			sourceTree = "<group>";
		};
		D2D85AD225E2B13A008558E1 /* Extensions */ = {
			isa = PBXGroup;
			children = (
				D2D85AD325E2B14D008558E1 /* UIViewController.swift */,
				D2D85AE525E2C47E008558E1 /* UIColor.swift */,
				D2D85AE825E2D271008558E1 /* UserDefaults.swift */,
			);
			path = Extensions;
			sourceTree = "<group>";
		};
		D2D85ADA25E2B70A008558E1 /* Components */ = {
			isa = PBXGroup;
			children = (
				D2D85ADB25E2B726008558E1 /* LessonCell.swift */,
				D2D85ADC25E2B726008558E1 /* LessonCell.xib */,
			);
			path = Components;
			sourceTree = "<group>";
		};
		D2D85AE025E2BCF8008558E1 /* Helpers */ = {
			isa = PBXGroup;
			children = (
				D2D85AE125E2BD5C008558E1 /* TitlesConverter.swift */,
			);
			path = Helpers;
			sourceTree = "<group>";
		};
		D2D85AEB25E2E08D008558E1 /* Models */ = {
			isa = PBXGroup;
			children = (
				D2D85AEC25E2E09A008558E1 /* Lesson.swift */,
			);
			path = Models;
			sourceTree = "<group>";
		};
/* End PBXGroup section */

/* Begin PBXNativeTarget section */
		D2D85A8425E29B4D008558E1 /* SolveIt.Test */ = {
			isa = PBXNativeTarget;
			buildConfigurationList = D2D85A9925E29B4F008558E1 /* Build configuration list for PBXNativeTarget "SolveIt.Test" */;
			buildPhases = (
				D2D85A8125E29B4D008558E1 /* Sources */,
				D2D85A8225E29B4D008558E1 /* Frameworks */,
				D2D85A8325E29B4D008558E1 /* Resources */,
			);
			buildRules = (
			);
			dependencies = (
			);
			name = SolveIt.Test;
			productName = SolveIt.Test;
			productReference = D2D85A8525E29B4D008558E1 /* SolveIt.Test.app */;
			productType = "com.apple.product-type.application";
		};
/* End PBXNativeTarget section */

/* Begin PBXProject section */
		D2D85A7D25E29B4C008558E1 /* Project object */ = {
			isa = PBXProject;
			attributes = {
				LastSwiftUpdateCheck = 1240;
				LastUpgradeCheck = 1240;
				TargetAttributes = {
					D2D85A8425E29B4D008558E1 = {
						CreatedOnToolsVersion = 12.4;
					};
				};
			};
			buildConfigurationList = D2D85A8025E29B4C008558E1 /* Build configuration list for PBXProject "SolveIt.Test" */;
			compatibilityVersion = "Xcode 9.3";
			developmentRegion = en;
			hasScannedForEncodings = 0;
			knownRegions = (
				en,
				Base,
			);
			mainGroup = D2D85A7C25E29B4C008558E1;
			productRefGroup = D2D85A8625E29B4D008558E1 /* Products */;
			projectDirPath = "";
			projectRoot = "";
			targets = (
				D2D85A8425E29B4D008558E1 /* SolveIt.Test */,
			);
		};
/* End PBXProject section */

/* Begin PBXResourcesBuildPhase section */
		D2D85A8325E29B4D008558E1 /* Resources */ = {
			isa = PBXResourcesBuildPhase;
			buildActionMask = 2147483647;
			files = (
				D2D85AD025E2AEE0008558E1 /* LessonsListView.xib in Resources */,
				D28303B225E2E88D003B2CA3 /* Localizable.strings in Resources */,
				D2D85ADE25E2B726008558E1 /* LessonCell.xib in Resources */,
				D2D85A9525E29B4F008558E1 /* LaunchScreen.storyboard in Resources */,
				D2D85A9225E29B4F008558E1 /* Assets.xcassets in Resources */,
				D2D85AAC25E2A296008558E1 /* Data.json in Resources */,
			);
			runOnlyForDeploymentPostprocessing = 0;
		};
/* End PBXResourcesBuildPhase section */

/* Begin PBXSourcesBuildPhase section */
		D2D85A8125E29B4D008558E1 /* Sources */ = {
			isa = PBXSourcesBuildPhase;
			buildActionMask = 2147483647;
			files = (
				D2D85ACF25E2AEE0008558E1 /* LessonsListView.swift in Sources */,
				D2D85ADD25E2B726008558E1 /* LessonCell.swift in Sources */,
				D2D1C24325E2EF03008D91D6 /* LessonsListPresenter.swift in Sources */,
				D2D85A8925E29B4D008558E1 /* AppDelegate.swift in Sources */,
				D2D85AE625E2C47E008558E1 /* UIColor.swift in Sources */,
				D2D85AA525E29F84008558E1 /* DataManager.swift in Sources */,
				D2D85AE925E2D271008558E1 /* UserDefaults.swift in Sources */,
				D2D85AE225E2BD5C008558E1 /* TitlesConverter.swift in Sources */,
				D2D85A8B25E29B4D008558E1 /* SceneDelegate.swift in Sources */,
				D2D85AD425E2B14D008558E1 /* UIViewController.swift in Sources */,
				D2D85AED25E2E09A008558E1 /* Lesson.swift in Sources */,
			);
			runOnlyForDeploymentPostprocessing = 0;
		};
/* End PBXSourcesBuildPhase section */

/* Begin PBXVariantGroup section */
		D28303B425E2E88D003B2CA3 /* Localizable.strings */ = {
			isa = PBXVariantGroup;
			children = (
				D28303B325E2E88D003B2CA3 /* en */,
			);
			name = Localizable.strings;
			sourceTree = "<group>";
		};
		D2D85A9325E29B4F008558E1 /* LaunchScreen.storyboard */ = {
			isa = PBXVariantGroup;
			children = (
				D2D85A9425E29B4F008558E1 /* Base */,
			);
			name = LaunchScreen.storyboard;
			sourceTree = "<group>";
		};
/* End PBXVariantGroup section */

/* Begin XCBuildConfiguration section */
		D2D85A9725E29B4F008558E1 /* Debug */ = {
			isa = XCBuildConfiguration;
			buildSettings = {
				ALWAYS_SEARCH_USER_PATHS = NO;
				CLANG_ANALYZER_NONNULL = YES;
				CLANG_ANALYZER_NUMBER_OBJECT_CONVERSION = YES_AGGRESSIVE;
				CLANG_CXX_LANGUAGE_STANDARD = "gnu++14";
				CLANG_CXX_LIBRARY = "libc++";
				CLANG_ENABLE_MODULES = YES;
				CLANG_ENABLE_OBJC_ARC = YES;
				CLANG_ENABLE_OBJC_WEAK = YES;
				CLANG_WARN_BLOCK_CAPTURE_AUTORELEASING = YES;
				CLANG_WARN_BOOL_CONVERSION = YES;
				CLANG_WARN_COMMA = YES;
				CLANG_WARN_CONSTANT_CONVERSION = YES;
				CLANG_WARN_DEPRECATED_OBJC_IMPLEMENTATIONS = YES;
				CLANG_WARN_DIRECT_OBJC_ISA_USAGE = YES_ERROR;
				CLANG_WARN_DOCUMENTATION_COMMENTS = YES;
				CLANG_WARN_EMPTY_BODY = YES;
				CLANG_WARN_ENUM_CONVERSION = YES;
				CLANG_WARN_INFINITE_RECURSION = YES;
				CLANG_WARN_INT_CONVERSION = YES;
				CLANG_WARN_NON_LITERAL_NULL_CONVERSION = YES;
				CLANG_WARN_OBJC_IMPLICIT_RETAIN_SELF = YES;
				CLANG_WARN_OBJC_LITERAL_CONVERSION = YES;
				CLANG_WARN_OBJC_ROOT_CLASS = YES_ERROR;
				CLANG_WARN_QUOTED_INCLUDE_IN_FRAMEWORK_HEADER = YES;
				CLANG_WARN_RANGE_LOOP_ANALYSIS = YES;
				CLANG_WARN_STRICT_PROTOTYPES = YES;
				CLANG_WARN_SUSPICIOUS_MOVE = YES;
				CLANG_WARN_UNGUARDED_AVAILABILITY = YES_AGGRESSIVE;
				CLANG_WARN_UNREACHABLE_CODE = YES;
				CLANG_WARN__DUPLICATE_METHOD_MATCH = YES;
				COPY_PHASE_STRIP = NO;
				DEBUG_INFORMATION_FORMAT = dwarf;
				ENABLE_STRICT_OBJC_MSGSEND = YES;
				ENABLE_TESTABILITY = YES;
				GCC_C_LANGUAGE_STANDARD = gnu11;
				GCC_DYNAMIC_NO_PIC = NO;
				GCC_NO_COMMON_BLOCKS = YES;
				GCC_OPTIMIZATION_LEVEL = 0;
				GCC_PREPROCESSOR_DEFINITIONS = (
					"DEBUG=1",
					"$(inherited)",
				);
				GCC_WARN_64_TO_32_BIT_CONVERSION = YES;
				GCC_WARN_ABOUT_RETURN_TYPE = YES_ERROR;
				GCC_WARN_UNDECLARED_SELECTOR = YES;
				GCC_WARN_UNINITIALIZED_AUTOS = YES_AGGRESSIVE;
				GCC_WARN_UNUSED_FUNCTION = YES;
				GCC_WARN_UNUSED_VARIABLE = YES;
				IPHONEOS_DEPLOYMENT_TARGET = 14.4;
				MTL_ENABLE_DEBUG_INFO = INCLUDE_SOURCE;
				MTL_FAST_MATH = YES;
				ONLY_ACTIVE_ARCH = YES;
				SDKROOT = iphoneos;
				SWIFT_ACTIVE_COMPILATION_CONDITIONS = DEBUG;
				SWIFT_OPTIMIZATION_LEVEL = "-Onone";
			};
			name = Debug;
		};
		D2D85A9825E29B4F008558E1 /* Release */ = {
			isa = XCBuildConfiguration;
			buildSettings = {
				ALWAYS_SEARCH_USER_PATHS = NO;
				CLANG_ANALYZER_NONNULL = YES;
				CLANG_ANALYZER_NUMBER_OBJECT_CONVERSION = YES_AGGRESSIVE;
				CLANG_CXX_LANGUAGE_STANDARD = "gnu++14";
				CLANG_CXX_LIBRARY = "libc++";
				CLANG_ENABLE_MODULES = YES;
				CLANG_ENABLE_OBJC_ARC = YES;
				CLANG_ENABLE_OBJC_WEAK = YES;
				CLANG_WARN_BLOCK_CAPTURE_AUTORELEASING = YES;
				CLANG_WARN_BOOL_CONVERSION = YES;
				CLANG_WARN_COMMA = YES;
				CLANG_WARN_CONSTANT_CONVERSION = YES;
				CLANG_WARN_DEPRECATED_OBJC_IMPLEMENTATIONS = YES;
				CLANG_WARN_DIRECT_OBJC_ISA_USAGE = YES_ERROR;
				CLANG_WARN_DOCUMENTATION_COMMENTS = YES;
				CLANG_WARN_EMPTY_BODY = YES;
				CLANG_WARN_ENUM_CONVERSION = YES;
				CLANG_WARN_INFINITE_RECURSION = YES;
				CLANG_WARN_INT_CONVERSION = YES;
				CLANG_WARN_NON_LITERAL_NULL_CONVERSION = YES;
				CLANG_WARN_OBJC_IMPLICIT_RETAIN_SELF = YES;
				CLANG_WARN_OBJC_LITERAL_CONVERSION = YES;
				CLANG_WARN_OBJC_ROOT_CLASS = YES_ERROR;
				CLANG_WARN_QUOTED_INCLUDE_IN_FRAMEWORK_HEADER = YES;
				CLANG_WARN_RANGE_LOOP_ANALYSIS = YES;
				CLANG_WARN_STRICT_PROTOTYPES = YES;
				CLANG_WARN_SUSPICIOUS_MOVE = YES;
				CLANG_WARN_UNGUARDED_AVAILABILITY = YES_AGGRESSIVE;
				CLANG_WARN_UNREACHABLE_CODE = YES;
				CLANG_WARN__DUPLICATE_METHOD_MATCH = YES;
				COPY_PHASE_STRIP = NO;
				DEBUG_INFORMATION_FORMAT = "dwarf-with-dsym";
				ENABLE_NS_ASSERTIONS = NO;
				ENABLE_STRICT_OBJC_MSGSEND = YES;
				GCC_C_LANGUAGE_STANDARD = gnu11;
				GCC_NO_COMMON_BLOCKS = YES;
				GCC_WARN_64_TO_32_BIT_CONVERSION = YES;
				GCC_WARN_ABOUT_RETURN_TYPE = YES_ERROR;
				GCC_WARN_UNDECLARED_SELECTOR = YES;
				GCC_WARN_UNINITIALIZED_AUTOS = YES_AGGRESSIVE;
				GCC_WARN_UNUSED_FUNCTION = YES;
				GCC_WARN_UNUSED_VARIABLE = YES;
				IPHONEOS_DEPLOYMENT_TARGET = 14.4;
				MTL_ENABLE_DEBUG_INFO = NO;
				MTL_FAST_MATH = YES;
				SDKROOT = iphoneos;
				SWIFT_COMPILATION_MODE = wholemodule;
				SWIFT_OPTIMIZATION_LEVEL = "-O";
				VALIDATE_PRODUCT = YES;
			};
			name = Release;
		};
		D2D85A9A25E29B4F008558E1 /* Debug */ = {
			isa = XCBuildConfiguration;
			buildSettings = {
				ASSETCATALOG_COMPILER_APPICON_NAME = AppIcon;
				ASSETCATALOG_COMPILER_GLOBAL_ACCENT_COLOR_NAME = AccentColor;
				CODE_SIGN_STYLE = Automatic;
				DEVELOPMENT_TEAM = KBSCJPG587;
				INFOPLIST_FILE = SolveIt.Test/Info.plist;
				IPHONEOS_DEPLOYMENT_TARGET = 13.0;
				LD_RUNPATH_SEARCH_PATHS = (
					"$(inherited)",
					"@executable_path/Frameworks",
				);
				PRODUCT_BUNDLE_IDENTIFIER = "com.tsiareschcanka.SolveIt-Test";
				PRODUCT_NAME = "$(TARGET_NAME)";
				SWIFT_VERSION = 5.0;
				TARGETED_DEVICE_FAMILY = 1;
			};
			name = Debug;
		};
		D2D85A9B25E29B4F008558E1 /* Release */ = {
			isa = XCBuildConfiguration;
			buildSettings = {
				ASSETCATALOG_COMPILER_APPICON_NAME = AppIcon;
				ASSETCATALOG_COMPILER_GLOBAL_ACCENT_COLOR_NAME = AccentColor;
				CODE_SIGN_STYLE = Automatic;
				DEVELOPMENT_TEAM = KBSCJPG587;
				INFOPLIST_FILE = SolveIt.Test/Info.plist;
				IPHONEOS_DEPLOYMENT_TARGET = 13.0;
				LD_RUNPATH_SEARCH_PATHS = (
					"$(inherited)",
					"@executable_path/Frameworks",
				);
				PRODUCT_BUNDLE_IDENTIFIER = "com.tsiareschcanka.SolveIt-Test";
				PRODUCT_NAME = "$(TARGET_NAME)";
				SWIFT_VERSION = 5.0;
				TARGETED_DEVICE_FAMILY = 1;
			};
			name = Release;
		};
/* End XCBuildConfiguration section */

/* Begin XCConfigurationList section */
		D2D85A8025E29B4C008558E1 /* Build configuration list for PBXProject "SolveIt.Test" */ = {
			isa = XCConfigurationList;
			buildConfigurations = (
				D2D85A9725E29B4F008558E1 /* Debug */,
				D2D85A9825E29B4F008558E1 /* Release */,
			);
			defaultConfigurationIsVisible = 0;
			defaultConfigurationName = Release;
		};
		D2D85A9925E29B4F008558E1 /* Build configuration list for PBXNativeTarget "SolveIt.Test" */ = {
			isa = XCConfigurationList;
			buildConfigurations = (
				D2D85A9A25E29B4F008558E1 /* Debug */,
				D2D85A9B25E29B4F008558E1 /* Release */,
			);
			defaultConfigurationIsVisible = 0;
			defaultConfigurationName = Release;
		};
/* End XCConfigurationList section */
	};
	rootObject = D2D85A7D25E29B4C008558E1 /* Project object */;
}
